
Microsoft Visual Studio Solution File, Format Version 12.00
# Visual Studio Version 17
VisualStudioVersion = 17.13.35931.197
MinimumVisualStudioVersion = 10.0.40219.1
Project("{FAE04EC0-301F-11D3-BF4B-00C04F79EFBC}") = "AiWeb3", "AiWeb3\AiWeb3.csproj", "{699A2D3C-6764-4A7D-AD87-2B03858805D8}"
EndProject
Global
	GlobalSection(SolutionConfigurationPlatforms) = preSolution
		Debug|Any CPU = Debug|Any CPU
		Release|Any CPU = Release|Any CPU
	EndGlobalSection
	GlobalSection(ProjectConfigurationPlatforms) = postSolution
		{699A2D3C-6764-4A7D-AD87-2B03858805D8}.Debug|Any CPU.ActiveCfg = Debug|Any CPU
		{699A2D3C-6764-4A7D-AD87-2B03858805D8}.Debug|Any CPU.Build.0 = Debug|Any CPU
		{699A2D3C-6764-4A7D-AD87-2B03858805D8}.Release|Any CPU.ActiveCfg = Release|Any CPU
		{699A2D3C-6764-4A7D-AD87-2B03858805D8}.Release|Any CPU.Build.0 = Release|Any CPU
	EndGlobalSection
	GlobalSection(SolutionProperties) = preSolution
		HideSolutionNode = FALSE
	EndGlobalSection
	GlobalSection(ExtensibilityGlobals) = postSolution
		SolutionGuid = {4F37DC75-0D78-4504-BF95-49D0C63AEF22}
	EndGlobalSection
EndGlobal
